# THIS IS AN AUTOGENERATED FILE. DO NOT EDIT THIS FILE DIRECTLY.
# yarn lockfile v1


"@polymer/polymer@^2.0.2":
  version "2.6.0"
  resolved "https://registry.yarnpkg.com/@polymer/polymer/-/polymer-2.6.0.tgz#98601124122a045e74f4b41f55975006ef327dbc"

"@types/reflect-metadata@0.0.5":
  version "0.0.5"
  resolved "https://registry.yarnpkg.com/@types/reflect-metadata/-/reflect-metadata-0.0.5.tgz#9c042bfa9803d577aad4f57dfbca4b7cae4286fe"

reflect-metadata@^0.1.10:
  version "0.1.12"
  resolved "https://registry.yarnpkg.com/reflect-metadata/-/reflect-metadata-0.1.12.tgz#311bf0c6b63cd782f228a81abe146a2bfa9c56f2"

typescript@^2.4.2:
  version "2.8.1"
  resolved "https://registry.yarnpkg.com/typescript/-/typescript-2.8.1.tgz#6160e4f8f195d5ba81d4876f9c0cc1fbc0820624"
